
Microsoft Visual Studio Solution File, Format Version 12.00
# Visual Studio Version 16
VisualStudioVersion = 16.0.30804.86
MinimumVisualStudioVersion = 10.0.40219.1
Project("{8BC9CEB8-8B4A-11D0-8D11-00A0C91BC942}") = "aesir_dither", "aesir_dither.vcxproj", "{5141F90C-FEEB-4E85-8DB0-803487BA3D68}"
EndProject
Project("{8BC9CEB8-8B4A-11D0-8D11-00A0C91BC942}") = "aesir_dither_mod", "aesir_dither_mod.vcxproj", "{3A67D2E0-4F5A-4937-B135-AFFE99A1FEE5}"
EndProject
Global
	GlobalSection(SolutionConfigurationPlatforms) = preSolution
		Debug|x64 = Debug|x64
		Release|x64 = Release|x64
	EndGlobalSection
	GlobalSection(ProjectConfigurationPlatforms) = postSolution
		{5141F90C-FEEB-4E85-8DB0-803487BA3D68}.Debug|x64.ActiveCfg = Debug|x64
		{5141F90C-FEEB-4E85-8DB0-803487BA3D68}.Debug|x64.Build.0 = Debug|x64
		{5141F90C-FEEB-4E85-8DB0-803487BA3D68}.Release|x64.ActiveCfg = Release|x64
		{5141F90C-FEEB-4E85-8DB0-803487BA3D68}.Release|x64.Build.0 = Release|x64
		{3A67D2E0-4F5A-4937-B135-AFFE99A1FEE5}.Debug|x64.ActiveCfg = Debug|x64
		{3A67D2E0-4F5A-4937-B135-AFFE99A1FEE5}.Debug|x64.Build.0 = Debug|x64
		{3A67D2E0-4F5A-4937-B135-AFFE99A1FEE5}.Release|x64.ActiveCfg = Release|x64
		{3A67D2E0-4F5A-4937-B135-AFFE99A1FEE5}.Release|x64.Build.0 = Release|x64
	EndGlobalSection
	GlobalSection(SolutionProperties) = preSolution
		HideSolutionNode = FALSE
	EndGlobalSection
	GlobalSection(ExtensibilityGlobals) = postSolution
		SolutionGuid = {53C156DE-2E8F-4E6B-B628-AE8E8FFC0BF1}
	EndGlobalSection
EndGlobal
